
Microsoft Visual Studio Solution File, Format Version 12.00
# Visual Studio Version 17
VisualStudioVersion = 17.0.32112.339
MinimumVisualStudioVersion = 10.0.40219.1
Project("{FAE04EC0-301F-11D3-BF4B-00C04F79EFBC}") = "StudentAPI", "StudentAPI\StudentAPI.csproj", "{2BA70F32-DF28-4075-A79F-1E92E9F7C88C}"
EndProject
Global
	GlobalSection(SolutionConfigurationPlatforms) = preSolution
		Debug|Any CPU = Debug|Any CPU
		Release|Any CPU = Release|Any CPU
	EndGlobalSection
	GlobalSection(ProjectConfigurationPlatforms) = postSolution
		{2BA70F32-DF28-4075-A79F-1E92E9F7C88C}.Debug|Any CPU.ActiveCfg = Debug|Any CPU
		{2BA70F32-DF28-4075-A79F-1E92E9F7C88C}.Debug|Any CPU.Build.0 = Debug|Any CPU
		{2BA70F32-DF28-4075-A79F-1E92E9F7C88C}.Release|Any CPU.ActiveCfg = Release|Any CPU
		{2BA70F32-DF28-4075-A79F-1E92E9F7C88C}.Release|Any CPU.Build.0 = Release|Any CPU
	EndGlobalSection
	GlobalSection(SolutionProperties) = preSolution
		HideSolutionNode = FALSE
	EndGlobalSection
	GlobalSection(ExtensibilityGlobals) = postSolution
		SolutionGuid = {E48D14FF-2532-4732-865B-F9ED5F65AE2B}
	EndGlobalSection
EndGlobal
